
Microsoft Visual Studio Solution File, Format Version 12.00
# Visual Studio Version 16
VisualStudioVersion = 16.0.29709.97
MinimumVisualStudioVersion = 10.0.40219.1
Project("{D954291E-2A0B-460D-934E-DC6B0785DB48}") = "NavigationViewSample.Shared", "NavigationViewSample.Shared\NavigationViewSample.Shared.shproj", "{6279C845-92F8-4333-AB99-3D213163593C}"
EndProject
Project("{FAE04EC0-301F-11D3-BF4B-00C04F79EFBC}") = "NavigationViewSample.Droid", "NavigationViewSample.Droid\NavigationViewSample.Droid.csproj", "{61B9A170-E2D2-4899-987D-B1C52ABB8FA6}"
EndProject
Project("{FAE04EC0-301F-11D3-BF4B-00C04F79EFBC}") = "NavigationViewSample.iOS", "NavigationViewSample.iOS\NavigationViewSample.iOS.csproj", "{787E1C84-EE70-4020-9A51-89C4F8234E32}"
EndProject
Project("{FAE04EC0-301F-11D3-BF4B-00C04F79EFBC}") = "NavigationViewSample.UWP", "NavigationViewSample.UWP\NavigationViewSample.UWP.csproj", "{C33FE5D6-B484-4149-84AA-4B85EB62058B}"
EndProject
Project("{9A19103F-16F7-4668-BE54-9A1E7A4F7556}") = "NavigationViewSample.Wasm", "NavigationViewSample.Wasm\NavigationViewSample.Wasm.csproj", "{E98FF58E-0E14-41ED-9BE5-FD72FE5620D9}"
EndProject
Global
	GlobalSection(SharedMSBuildProjectFiles) = preSolution
		NavigationViewSample.Shared\NavigationViewSample.Shared.projitems*{61b9a170-e2d2-4899-987d-b1c52abb8fa6}*SharedItemsImports = 4
		NavigationViewSample.Shared\NavigationViewSample.Shared.projitems*{6279c845-92f8-4333-ab99-3d213163593c}*SharedItemsImports = 13
		NavigationViewSample.Shared\NavigationViewSample.Shared.projitems*{787e1c84-ee70-4020-9a51-89c4f8234e32}*SharedItemsImports = 4
		NavigationViewSample.Shared\NavigationViewSample.Shared.projitems*{c33fe5d6-b484-4149-84aa-4b85eb62058b}*SharedItemsImports = 4
	EndGlobalSection
	GlobalSection(SolutionConfigurationPlatforms) = preSolution
		Ad-Hoc|Any CPU = Ad-Hoc|Any CPU
		Ad-Hoc|ARM = Ad-Hoc|ARM
		Ad-Hoc|iPhone = Ad-Hoc|iPhone
		Ad-Hoc|iPhoneSimulator = Ad-Hoc|iPhoneSimulator
		Ad-Hoc|x64 = Ad-Hoc|x64
		Ad-Hoc|x86 = Ad-Hoc|x86
		AppStore|Any CPU = AppStore|Any CPU
		AppStore|ARM = AppStore|ARM
		AppStore|iPhone = AppStore|iPhone
		AppStore|iPhoneSimulator = AppStore|iPhoneSimulator
		AppStore|x64 = AppStore|x64
		AppStore|x86 = AppStore|x86
		Debug|Any CPU = Debug|Any CPU
		Debug|ARM = Debug|ARM
		Debug|iPhone = Debug|iPhone
		Debug|iPhoneSimulator = Debug|iPhoneSimulator
		Debug|x64 = Debug|x64
		Debug|x86 = Debug|x86
		Release|Any CPU = Release|Any CPU
		Release|ARM = Release|ARM
		Release|iPhone = Release|iPhone
		Release|iPhoneSimulator = Release|iPhoneSimulator
		Release|x64 = Release|x64
		Release|x86 = Release|x86
	EndGlobalSection
	GlobalSection(ProjectConfigurationPlatforms) = postSolution
		{61B9A170-E2D2-4899-987D-B1C52ABB8FA6}.Ad-Hoc|Any CPU.ActiveCfg = Release|Any CPU
		{61B9A170-E2D2-4899-987D-B1C52ABB8FA6}.Ad-Hoc|Any CPU.Build.0 = Release|Any CPU
		{61B9A170-E2D2-4899-987D-B1C52ABB8FA6}.Ad-Hoc|Any CPU.Deploy.0 = Release|Any CPU
		{61B9A170-E2D2-4899-987D-B1C52ABB8FA6}.Ad-Hoc|ARM.ActiveCfg = Release|Any CPU
		{61B9A170-E2D2-4899-987D-B1C52ABB8FA6}.Ad-Hoc|ARM.Build.0 = Release|Any CPU
		{61B9A170-E2D2-4899-987D-B1C52ABB8FA6}.Ad-Hoc|ARM.Deploy.0 = Release|Any CPU
		{61B9A170-E2D2-4899-987D-B1C52ABB8FA6}.Ad-Hoc|iPhone.ActiveCfg = Release|Any CPU
		{61B9A170-E2D2-4899-987D-B1C52ABB8FA6}.Ad-Hoc|iPhone.Build.0 = Release|Any CPU
		{61B9A170-E2D2-4899-987D-B1C52ABB8FA6}.Ad-Hoc|iPhone.Deploy.0 = Release|Any CPU
		{61B9A170-E2D2-4899-987D-B1C52ABB8FA6}.Ad-Hoc|iPhoneSimulator.ActiveCfg = Release|Any CPU
		{61B9A170-E2D2-4899-987D-B1C52ABB8FA6}.Ad-Hoc|iPhoneSimulator.Build.0 = Release|Any CPU
		{61B9A170-E2D2-4899-987D-B1C52ABB8FA6}.Ad-Hoc|iPhoneSimulator.Deploy.0 = Release|Any CPU
		{61B9A170-E2D2-4899-987D-B1C52ABB8FA6}.Ad-Hoc|x64.ActiveCfg = Release|Any CPU
		{61B9A170-E2D2-4899-987D-B1C52ABB8FA6}.Ad-Hoc|x64.Build.0 = Release|Any CPU
		{61B9A170-E2D2-4899-987D-B1C52ABB8FA6}.Ad-Hoc|x64.Deploy.0 = Release|Any CPU
		{61B9A170-E2D2-4899-987D-B1C52ABB8FA6}.Ad-Hoc|x86.ActiveCfg = Release|Any CPU
		{61B9A170-E2D2-4899-987D-B1C52ABB8FA6}.Ad-Hoc|x86.Build.0 = Release|Any CPU
		{61B9A170-E2D2-4899-987D-B1C52ABB8FA6}.Ad-Hoc|x86.Deploy.0 = Release|Any CPU
		{61B9A170-E2D2-4899-987D-B1C52ABB8FA6}.AppStore|Any CPU.ActiveCfg = Release|Any CPU
		{61B9A170-E2D2-4899-987D-B1C52ABB8FA6}.AppStore|Any CPU.Build.0 = Release|Any CPU
		{61B9A170-E2D2-4899-987D-B1C52ABB8FA6}.AppStore|Any CPU.Deploy.0 = Release|Any CPU
		{61B9A170-E2D2-4899-987D-B1C52ABB8FA6}.AppStore|ARM.ActiveCfg = Release|Any CPU
		{61B9A170-E2D2-4899-987D-B1C52ABB8FA6}.AppStore|ARM.Build.0 = Release|Any CPU
		{61B9A170-E2D2-4899-987D-B1C52ABB8FA6}.AppStore|ARM.Deploy.0 = Release|Any CPU
		{61B9A170-E2D2-4899-987D-B1C52ABB8FA6}.AppStore|iPhone.ActiveCfg = Release|Any CPU
		{61B9A170-E2D2-4899-987D-B1C52ABB8FA6}.AppStore|iPhone.Build.0 = Release|Any CPU
		{61B9A170-E2D2-4899-987D-B1C52ABB8FA6}.AppStore|iPhone.Deploy.0 = Release|Any CPU
		{61B9A170-E2D2-4899-987D-B1C52ABB8FA6}.AppStore|iPhoneSimulator.ActiveCfg = Release|Any CPU
		{61B9A170-E2D2-4899-987D-B1C52ABB8FA6}.AppStore|iPhoneSimulator.Build.0 = Release|Any CPU
		{61B9A170-E2D2-4899-987D-B1C52ABB8FA6}.AppStore|iPhoneSimulator.Deploy.0 = Release|Any CPU
		{61B9A170-E2D2-4899-987D-B1C52ABB8FA6}.AppStore|x64.ActiveCfg = Release|Any CPU
		{61B9A170-E2D2-4899-987D-B1C52ABB8FA6}.AppStore|x64.Build.0 = Release|Any CPU
		{61B9A170-E2D2-4899-987D-B1C52ABB8FA6}.AppStore|x64.Deploy.0 = Release|Any CPU
		{61B9A170-E2D2-4899-987D-B1C52ABB8FA6}.AppStore|x86.ActiveCfg = Release|Any CPU
		{61B9A170-E2D2-4899-987D-B1C52ABB8FA6}.AppStore|x86.Build.0 = Release|Any CPU
		{61B9A170-E2D2-4899-987D-B1C52ABB8FA6}.AppStore|x86.Deploy.0 = Release|Any CPU
		{61B9A170-E2D2-4899-987D-B1C52ABB8FA6}.Debug|Any CPU.ActiveCfg = Debug|Any CPU
		{61B9A170-E2D2-4899-987D-B1C52ABB8FA6}.Debug|Any CPU.Build.0 = Debug|Any CPU
		{61B9A170-E2D2-4899-987D-B1C52ABB8FA6}.Debug|Any CPU.Deploy.0 = Debug|Any CPU
		{61B9A170-E2D2-4899-987D-B1C52ABB8FA6}.Debug|ARM.ActiveCfg = Debug|Any CPU
		{61B9A170-E2D2-4899-987D-B1C52ABB8FA6}.Debug|ARM.Build.0 = Debug|Any CPU
		{61B9A170-E2D2-4899-987D-B1C52ABB8FA6}.Debug|ARM.Deploy.0 = Debug|Any CPU
		{61B9A170-E2D2-4899-987D-B1C52ABB8FA6}.Debug|iPhone.ActiveCfg = Debug|Any CPU
		{61B9A170-E2D2-4899-987D-B1C52ABB8FA6}.Debug|iPhone.Build.0 = Debug|Any CPU
		{61B9A170-E2D2-4899-987D-B1C52ABB8FA6}.Debug|iPhone.Deploy.0 = Debug|Any CPU
		{61B9A170-E2D2-4899-987D-B1C52ABB8FA6}.Debug|iPhoneSimulator.ActiveCfg = Debug|Any CPU
		{61B9A170-E2D2-4899-987D-B1C52ABB8FA6}.Debug|iPhoneSimulator.Build.0 = Debug|Any CPU
		{61B9A170-E2D2-4899-987D-B1C52ABB8FA6}.Debug|iPhoneSimulator.Deploy.0 = Debug|Any CPU
		{61B9A170-E2D2-4899-987D-B1C52ABB8FA6}.Debug|x64.ActiveCfg = Debug|Any CPU
		{61B9A170-E2D2-4899-987D-B1C52ABB8FA6}.Debug|x64.Build.0 = Debug|Any CPU
		{61B9A170-E2D2-4899-987D-B1C52ABB8FA6}.Debug|x64.Deploy.0 = Debug|Any CPU
		{61B9A170-E2D2-4899-987D-B1C52ABB8FA6}.Debug|x86.ActiveCfg = Debug|Any CPU
		{61B9A170-E2D2-4899-987D-B1C52ABB8FA6}.Debug|x86.Build.0 = Debug|Any CPU
		{61B9A170-E2D2-4899-987D-B1C52ABB8FA6}.Debug|x86.Deploy.0 = Debug|Any CPU
		{61B9A170-E2D2-4899-987D-B1C52ABB8FA6}.Release|Any CPU.ActiveCfg = Release|Any CPU
		{61B9A170-E2D2-4899-987D-B1C52ABB8FA6}.Release|Any CPU.Build.0 = Release|Any CPU
		{61B9A170-E2D2-4899-987D-B1C52ABB8FA6}.Release|Any CPU.Deploy.0 = Release|Any CPU
		{61B9A170-E2D2-4899-987D-B1C52ABB8FA6}.Release|ARM.ActiveCfg = Release|Any CPU
		{61B9A170-E2D2-4899-987D-B1C52ABB8FA6}.Release|ARM.Build.0 = Release|Any CPU
		{61B9A170-E2D2-4899-987D-B1C52ABB8FA6}.Release|ARM.Deploy.0 = Release|Any CPU
		{61B9A170-E2D2-4899-987D-B1C52ABB8FA6}.Release|iPhone.ActiveCfg = Release|Any CPU
		{61B9A170-E2D2-4899-987D-B1C52ABB8FA6}.Release|iPhone.Build.0 = Release|Any CPU
		{61B9A170-E2D2-4899-987D-B1C52ABB8FA6}.Release|iPhone.Deploy.0 = Release|Any CPU
		{61B9A170-E2D2-4899-987D-B1C52ABB8FA6}.Release|iPhoneSimulator.ActiveCfg = Release|Any CPU
		{61B9A170-E2D2-4899-987D-B1C52ABB8FA6}.Release|iPhoneSimulator.Build.0 = Release|Any CPU
		{61B9A170-E2D2-4899-987D-B1C52ABB8FA6}.Release|iPhoneSimulator.Deploy.0 = Release|Any CPU
		{61B9A170-E2D2-4899-987D-B1C52ABB8FA6}.Release|x64.ActiveCfg = Release|Any CPU
		{61B9A170-E2D2-4899-987D-B1C52ABB8FA6}.Release|x64.Build.0 = Release|Any CPU
		{61B9A170-E2D2-4899-987D-B1C52ABB8FA6}.Release|x64.Deploy.0 = Release|Any CPU
		{61B9A170-E2D2-4899-987D-B1C52ABB8FA6}.Release|x86.ActiveCfg = Release|Any CPU
		{61B9A170-E2D2-4899-987D-B1C52ABB8FA6}.Release|x86.Build.0 = Release|Any CPU
		{61B9A170-E2D2-4899-987D-B1C52ABB8FA6}.Release|x86.Deploy.0 = Release|Any CPU
		{787E1C84-EE70-4020-9A51-89C4F8234E32}.Ad-Hoc|Any CPU.ActiveCfg = Ad-Hoc|iPhone
		{787E1C84-EE70-4020-9A51-89C4F8234E32}.Ad-Hoc|ARM.ActiveCfg = Ad-Hoc|iPhone
		{787E1C84-EE70-4020-9A51-89C4F8234E32}.Ad-Hoc|iPhone.ActiveCfg = Ad-Hoc|iPhone
		{787E1C84-EE70-4020-9A51-89C4F8234E32}.Ad-Hoc|iPhone.Build.0 = Ad-Hoc|iPhone
		{787E1C84-EE70-4020-9A51-89C4F8234E32}.Ad-Hoc|iPhoneSimulator.ActiveCfg = Ad-Hoc|iPhoneSimulator
		{787E1C84-EE70-4020-9A51-89C4F8234E32}.Ad-Hoc|iPhoneSimulator.Build.0 = Ad-Hoc|iPhoneSimulator
		{787E1C84-EE70-4020-9A51-89C4F8234E32}.Ad-Hoc|x64.ActiveCfg = Ad-Hoc|iPhone
		{787E1C84-EE70-4020-9A51-89C4F8234E32}.Ad-Hoc|x86.ActiveCfg = Ad-Hoc|iPhone
		{787E1C84-EE70-4020-9A51-89C4F8234E32}.AppStore|Any CPU.ActiveCfg = AppStore|iPhone
		{787E1C84-EE70-4020-9A51-89C4F8234E32}.AppStore|ARM.ActiveCfg = AppStore|iPhone
		{787E1C84-EE70-4020-9A51-89C4F8234E32}.AppStore|iPhone.ActiveCfg = AppStore|iPhone
		{787E1C84-EE70-4020-9A51-89C4F8234E32}.AppStore|iPhone.Build.0 = AppStore|iPhone
		{787E1C84-EE70-4020-9A51-89C4F8234E32}.AppStore|iPhoneSimulator.ActiveCfg = AppStore|iPhoneSimulator
		{787E1C84-EE70-4020-9A51-89C4F8234E32}.AppStore|iPhoneSimulator.Build.0 = AppStore|iPhoneSimulator
		{787E1C84-EE70-4020-9A51-89C4F8234E32}.AppStore|x64.ActiveCfg = AppStore|iPhone
		{787E1C84-EE70-4020-9A51-89C4F8234E32}.AppStore|x86.ActiveCfg = AppStore|iPhone
		{787E1C84-EE70-4020-9A51-89C4F8234E32}.Debug|Any CPU.ActiveCfg = Debug|iPhone
		{787E1C84-EE70-4020-9A51-89C4F8234E32}.Debug|ARM.ActiveCfg = Debug|iPhone
		{787E1C84-EE70-4020-9A51-89C4F8234E32}.Debug|iPhone.ActiveCfg = Debug|iPhone
		{787E1C84-EE70-4020-9A51-89C4F8234E32}.Debug|iPhone.Build.0 = Debug|iPhone
		{787E1C84-EE70-4020-9A51-89C4F8234E32}.Debug|iPhoneSimulator.ActiveCfg = Debug|iPhoneSimulator
		{787E1C84-EE70-4020-9A51-89C4F8234E32}.Debug|iPhoneSimulator.Build.0 = Debug|iPhoneSimulator
		{787E1C84-EE70-4020-9A51-89C4F8234E32}.Debug|x64.ActiveCfg = Debug|iPhone
		{787E1C84-EE70-4020-9A51-89C4F8234E32}.Debug|x86.ActiveCfg = Debug|iPhone
		{787E1C84-EE70-4020-9A51-89C4F8234E32}.Release|Any CPU.ActiveCfg = Release|iPhone
		{787E1C84-EE70-4020-9A51-89C4F8234E32}.Release|ARM.ActiveCfg = Release|iPhone
		{787E1C84-EE70-4020-9A51-89C4F8234E32}.Release|iPhone.ActiveCfg = Release|iPhone
		{787E1C84-EE70-4020-9A51-89C4F8234E32}.Release|iPhone.Build.0 = Release|iPhone
		{787E1C84-EE70-4020-9A51-89C4F8234E32}.Release|iPhoneSimulator.ActiveCfg = Release|iPhoneSimulator
		{787E1C84-EE70-4020-9A51-89C4F8234E32}.Release|iPhoneSimulator.Build.0 = Release|iPhoneSimulator
		{787E1C84-EE70-4020-9A51-89C4F8234E32}.Release|x64.ActiveCfg = Release|iPhone
		{787E1C84-EE70-4020-9A51-89C4F8234E32}.Release|x86.ActiveCfg = Release|iPhone
		{C33FE5D6-B484-4149-84AA-4B85EB62058B}.Ad-Hoc|Any CPU.ActiveCfg = Release|x64
		{C33FE5D6-B484-4149-84AA-4B85EB62058B}.Ad-Hoc|Any CPU.Build.0 = Release|x64
		{C33FE5D6-B484-4149-84AA-4B85EB62058B}.Ad-Hoc|Any CPU.Deploy.0 = Release|x64
		{C33FE5D6-B484-4149-84AA-4B85EB62058B}.Ad-Hoc|ARM.ActiveCfg = Release|ARM
		{C33FE5D6-B484-4149-84AA-4B85EB62058B}.Ad-Hoc|ARM.Build.0 = Release|ARM
		{C33FE5D6-B484-4149-84AA-4B85EB62058B}.Ad-Hoc|ARM.Deploy.0 = Release|ARM
		{C33FE5D6-B484-4149-84AA-4B85EB62058B}.Ad-Hoc|iPhone.ActiveCfg = Release|x64
		{C33FE5D6-B484-4149-84AA-4B85EB62058B}.Ad-Hoc|iPhone.Build.0 = Release|x64
		{C33FE5D6-B484-4149-84AA-4B85EB62058B}.Ad-Hoc|iPhone.Deploy.0 = Release|x64
		{C33FE5D6-B484-4149-84AA-4B85EB62058B}.Ad-Hoc|iPhoneSimulator.ActiveCfg = Release|x64
		{C33FE5D6-B484-4149-84AA-4B85EB62058B}.Ad-Hoc|iPhoneSimulator.Build.0 = Release|x64
		{C33FE5D6-B484-4149-84AA-4B85EB62058B}.Ad-Hoc|iPhoneSimulator.Deploy.0 = Release|x64
		{C33FE5D6-B484-4149-84AA-4B85EB62058B}.Ad-Hoc|x64.ActiveCfg = Release|x64
		{C33FE5D6-B484-4149-84AA-4B85EB62058B}.Ad-Hoc|x64.Build.0 = Release|x64
		{C33FE5D6-B484-4149-84AA-4B85EB62058B}.Ad-Hoc|x64.Deploy.0 = Release|x64
		{C33FE5D6-B484-4149-84AA-4B85EB62058B}.Ad-Hoc|x86.ActiveCfg = Release|x86
		{C33FE5D6-B484-4149-84AA-4B85EB62058B}.Ad-Hoc|x86.Build.0 = Release|x86
		{C33FE5D6-B484-4149-84AA-4B85EB62058B}.Ad-Hoc|x86.Deploy.0 = Release|x86
		{C33FE5D6-B484-4149-84AA-4B85EB62058B}.AppStore|Any CPU.ActiveCfg = Release|x64
		{C33FE5D6-B484-4149-84AA-4B85EB62058B}.AppStore|Any CPU.Build.0 = Release|x64
		{C33FE5D6-B484-4149-84AA-4B85EB62058B}.AppStore|Any CPU.Deploy.0 = Release|x64
		{C33FE5D6-B484-4149-84AA-4B85EB62058B}.AppStore|ARM.ActiveCfg = Release|ARM
		{C33FE5D6-B484-4149-84AA-4B85EB62058B}.AppStore|ARM.Build.0 = Release|ARM
		{C33FE5D6-B484-4149-84AA-4B85EB62058B}.AppStore|ARM.Deploy.0 = Release|ARM
		{C33FE5D6-B484-4149-84AA-4B85EB62058B}.AppStore|iPhone.ActiveCfg = Release|x64
		{C33FE5D6-B484-4149-84AA-4B85EB62058B}.AppStore|iPhone.Build.0 = Release|x64
		{C33FE5D6-B484-4149-84AA-4B85EB62058B}.AppStore|iPhone.Deploy.0 = Release|x64
		{C33FE5D6-B484-4149-84AA-4B85EB62058B}.AppStore|iPhoneSimulator.ActiveCfg = Release|x64
		{C33FE5D6-B484-4149-84AA-4B85EB62058B}.AppStore|iPhoneSimulator.Build.0 = Release|x64
		{C33FE5D6-B484-4149-84AA-4B85EB62058B}.AppStore|iPhoneSimulator.Deploy.0 = Release|x64
		{C33FE5D6-B484-4149-84AA-4B85EB62058B}.AppStore|x64.ActiveCfg = Release|x64
		{C33FE5D6-B484-4149-84AA-4B85EB62058B}.AppStore|x64.Build.0 = Release|x64
		{C33FE5D6-B484-4149-84AA-4B85EB62058B}.AppStore|x64.Deploy.0 = Release|x64
		{C33FE5D6-B484-4149-84AA-4B85EB62058B}.AppStore|x86.ActiveCfg = Release|x86
		{C33FE5D6-B484-4149-84AA-4B85EB62058B}.AppStore|x86.Build.0 = Release|x86
		{C33FE5D6-B484-4149-84AA-4B85EB62058B}.AppStore|x86.Deploy.0 = Release|x86
		{C33FE5D6-B484-4149-84AA-4B85EB62058B}.Debug|Any CPU.ActiveCfg = Debug|x86
		{C33FE5D6-B484-4149-84AA-4B85EB62058B}.Debug|ARM.ActiveCfg = Debug|ARM
		{C33FE5D6-B484-4149-84AA-4B85EB62058B}.Debug|ARM.Build.0 = Debug|ARM
		{C33FE5D6-B484-4149-84AA-4B85EB62058B}.Debug|ARM.Deploy.0 = Debug|ARM
		{C33FE5D6-B484-4149-84AA-4B85EB62058B}.Debug|iPhone.ActiveCfg = Debug|x86
		{C33FE5D6-B484-4149-84AA-4B85EB62058B}.Debug|iPhoneSimulator.ActiveCfg = Debug|x86
		{C33FE5D6-B484-4149-84AA-4B85EB62058B}.Debug|x64.ActiveCfg = Debug|x64
		{C33FE5D6-B484-4149-84AA-4B85EB62058B}.Debug|x64.Build.0 = Debug|x64
		{C33FE5D6-B484-4149-84AA-4B85EB62058B}.Debug|x64.Deploy.0 = Debug|x64
		{C33FE5D6-B484-4149-84AA-4B85EB62058B}.Debug|x86.ActiveCfg = Debug|x86
		{C33FE5D6-B484-4149-84AA-4B85EB62058B}.Debug|x86.Build.0 = Debug|x86
		{C33FE5D6-B484-4149-84AA-4B85EB62058B}.Debug|x86.Deploy.0 = Debug|x86
		{C33FE5D6-B484-4149-84AA-4B85EB62058B}.Release|Any CPU.ActiveCfg = Release|x86
		{C33FE5D6-B484-4149-84AA-4B85EB62058B}.Release|ARM.ActiveCfg = Release|ARM
		{C33FE5D6-B484-4149-84AA-4B85EB62058B}.Release|ARM.Build.0 = Release|ARM
		{C33FE5D6-B484-4149-84AA-4B85EB62058B}.Release|ARM.Deploy.0 = Release|ARM
		{C33FE5D6-B484-4149-84AA-4B85EB62058B}.Release|iPhone.ActiveCfg = Release|x86
		{C33FE5D6-B484-4149-84AA-4B85EB62058B}.Release|iPhoneSimulator.ActiveCfg = Release|x86
		{C33FE5D6-B484-4149-84AA-4B85EB62058B}.Release|x64.ActiveCfg = Release|x64
		{C33FE5D6-B484-4149-84AA-4B85EB62058B}.Release|x64.Build.0 = Release|x64
		{C33FE5D6-B484-4149-84AA-4B85EB62058B}.Release|x64.Deploy.0 = Release|x64
		{C33FE5D6-B484-4149-84AA-4B85EB62058B}.Release|x86.ActiveCfg = Release|x86
		{C33FE5D6-B484-4149-84AA-4B85EB62058B}.Release|x86.Build.0 = Release|x86
		{C33FE5D6-B484-4149-84AA-4B85EB62058B}.Release|x86.Deploy.0 = Release|x86
		{E98FF58E-0E14-41ED-9BE5-FD72FE5620D9}.Ad-Hoc|Any CPU.ActiveCfg = Debug|Any CPU
		{E98FF58E-0E14-41ED-9BE5-FD72FE5620D9}.Ad-Hoc|Any CPU.Build.0 = Debug|Any CPU
		{E98FF58E-0E14-41ED-9BE5-FD72FE5620D9}.Ad-Hoc|ARM.ActiveCfg = Debug|Any CPU
		{E98FF58E-0E14-41ED-9BE5-FD72FE5620D9}.Ad-Hoc|ARM.Build.0 = Debug|Any CPU
		{E98FF58E-0E14-41ED-9BE5-FD72FE5620D9}.Ad-Hoc|iPhone.ActiveCfg = Debug|Any CPU
		{E98FF58E-0E14-41ED-9BE5-FD72FE5620D9}.Ad-Hoc|iPhone.Build.0 = Debug|Any CPU
		{E98FF58E-0E14-41ED-9BE5-FD72FE5620D9}.Ad-Hoc|iPhoneSimulator.ActiveCfg = Debug|Any CPU
		{E98FF58E-0E14-41ED-9BE5-FD72FE5620D9}.Ad-Hoc|iPhoneSimulator.Build.0 = Debug|Any CPU
		{E98FF58E-0E14-41ED-9BE5-FD72FE5620D9}.Ad-Hoc|x64.ActiveCfg = Debug|Any CPU
		{E98FF58E-0E14-41ED-9BE5-FD72FE5620D9}.Ad-Hoc|x64.Build.0 = Debug|Any CPU
		{E98FF58E-0E14-41ED-9BE5-FD72FE5620D9}.Ad-Hoc|x86.ActiveCfg = Debug|Any CPU
		{E98FF58E-0E14-41ED-9BE5-FD72FE5620D9}.Ad-Hoc|x86.Build.0 = Debug|Any CPU
		{E98FF58E-0E14-41ED-9BE5-FD72FE5620D9}.AppStore|Any CPU.ActiveCfg = Debug|Any CPU
		{E98FF58E-0E14-41ED-9BE5-FD72FE5620D9}.AppStore|Any CPU.Build.0 = Debug|Any CPU
		{E98FF58E-0E14-41ED-9BE5-FD72FE5620D9}.AppStore|ARM.ActiveCfg = Debug|Any CPU
		{E98FF58E-0E14-41ED-9BE5-FD72FE5620D9}.AppStore|ARM.Build.0 = Debug|Any CPU
		{E98FF58E-0E14-41ED-9BE5-FD72FE5620D9}.AppStore|iPhone.ActiveCfg = Debug|Any CPU
		{E98FF58E-0E14-41ED-9BE5-FD72FE5620D9}.AppStore|iPhone.Build.0 = Debug|Any CPU
		{E98FF58E-0E14-41ED-9BE5-FD72FE5620D9}.AppStore|iPhoneSimulator.ActiveCfg = Debug|Any CPU
		{E98FF58E-0E14-41ED-9BE5-FD72FE5620D9}.AppStore|iPhoneSimulator.Build.0 = Debug|Any CPU
		{E98FF58E-0E14-41ED-9BE5-FD72FE5620D9}.AppStore|x64.ActiveCfg = Debug|Any CPU
		{E98FF58E-0E14-41ED-9BE5-FD72FE5620D9}.AppStore|x64.Build.0 = Debug|Any CPU
		{E98FF58E-0E14-41ED-9BE5-FD72FE5620D9}.AppStore|x86.ActiveCfg = Debug|Any CPU
		{E98FF58E-0E14-41ED-9BE5-FD72FE5620D9}.AppStore|x86.Build.0 = Debug|Any CPU
		{E98FF58E-0E14-41ED-9BE5-FD72FE5620D9}.Debug|Any CPU.ActiveCfg = Debug|Any CPU
		{E98FF58E-0E14-41ED-9BE5-FD72FE5620D9}.Debug|Any CPU.Build.0 = Debug|Any CPU
		{E98FF58E-0E14-41ED-9BE5-FD72FE5620D9}.Debug|ARM.ActiveCfg = Debug|Any CPU
		{E98FF58E-0E14-41ED-9BE5-FD72FE5620D9}.Debug|ARM.Build.0 = Debug|Any CPU
		{E98FF58E-0E14-41ED-9BE5-FD72FE5620D9}.Debug|iPhone.ActiveCfg = Debug|Any CPU
		{E98FF58E-0E14-41ED-9BE5-FD72FE5620D9}.Debug|iPhone.Build.0 = Debug|Any CPU
		{E98FF58E-0E14-41ED-9BE5-FD72FE5620D9}.Debug|iPhoneSimulator.ActiveCfg = Debug|Any CPU
		{E98FF58E-0E14-41ED-9BE5-FD72FE5620D9}.Debug|iPhoneSimulator.Build.0 = Debug|Any CPU
		{E98FF58E-0E14-41ED-9BE5-FD72FE5620D9}.Debug|x64.ActiveCfg = Debug|Any CPU
		{E98FF58E-0E14-41ED-9BE5-FD72FE5620D9}.Debug|x64.Build.0 = Debug|Any CPU
		{E98FF58E-0E14-41ED-9BE5-FD72FE5620D9}.Debug|x86.ActiveCfg = Debug|Any CPU
		{E98FF58E-0E14-41ED-9BE5-FD72FE5620D9}.Debug|x86.Build.0 = Debug|Any CPU
		{E98FF58E-0E14-41ED-9BE5-FD72FE5620D9}.Release|Any CPU.ActiveCfg = Release|Any CPU
		{E98FF58E-0E14-41ED-9BE5-FD72FE5620D9}.Release|Any CPU.Build.0 = Release|Any CPU
		{E98FF58E-0E14-41ED-9BE5-FD72FE5620D9}.Release|ARM.ActiveCfg = Release|Any CPU
		{E98FF58E-0E14-41ED-9BE5-FD72FE5620D9}.Release|ARM.Build.0 = Release|Any CPU
		{E98FF58E-0E14-41ED-9BE5-FD72FE5620D9}.Release|iPhone.ActiveCfg = Release|Any CPU
		{E98FF58E-0E14-41ED-9BE5-FD72FE5620D9}.Release|iPhone.Build.0 = Release|Any CPU
		{E98FF58E-0E14-41ED-9BE5-FD72FE5620D9}.Release|iPhoneSimulator.ActiveCfg = Release|Any CPU
		{E98FF58E-0E14-41ED-9BE5-FD72FE5620D9}.Release|iPhoneSimulator.Build.0 = Release|Any CPU
		{E98FF58E-0E14-41ED-9BE5-FD72FE5620D9}.Release|x64.ActiveCfg = Release|Any CPU
		{E98FF58E-0E14-41ED-9BE5-FD72FE5620D9}.Release|x64.Build.0 = Release|Any CPU
		{E98FF58E-0E14-41ED-9BE5-FD72FE5620D9}.Release|x86.ActiveCfg = Release|Any CPU
		{E98FF58E-0E14-41ED-9BE5-FD72FE5620D9}.Release|x86.Build.0 = Release|Any CPU
	EndGlobalSection
	GlobalSection(SolutionProperties) = preSolution
		HideSolutionNode = FALSE
	EndGlobalSection
	GlobalSection(ExtensibilityGlobals) = postSolution
		SolutionGuid = {BB1BA9F2-B6D5-4051-9F49-FD2C76D56DF5}
	EndGlobalSection
EndGlobal
